
Microsoft Visual Studio Solution File, Format Version 12.00
# Visual Studio Version 16
VisualStudioVersion = 16.0.30128.74
MinimumVisualStudioVersion = 10.0.40219.1
Project("{FAE04EC0-301F-11D3-BF4B-00C04F79EFBC}") = "HangmanForm", "HangmanForm.csproj", "{972CC6F6-BAFD-4F7A-9652-28B92E6BB17C}"
EndProject
Global
	GlobalSection(SolutionConfigurationPlatforms) = preSolution
		Debug|Any CPU = Debug|Any CPU
		Release|Any CPU = Release|Any CPU
	EndGlobalSection
	GlobalSection(ProjectConfigurationPlatforms) = postSolution
		{972CC6F6-BAFD-4F7A-9652-28B92E6BB17C}.Debug|Any CPU.ActiveCfg = Debug|Any CPU
		{972CC6F6-BAFD-4F7A-9652-28B92E6BB17C}.Debug|Any CPU.Build.0 = Debug|Any CPU
		{972CC6F6-BAFD-4F7A-9652-28B92E6BB17C}.Release|Any CPU.ActiveCfg = Release|Any CPU
		{972CC6F6-BAFD-4F7A-9652-28B92E6BB17C}.Release|Any CPU.Build.0 = Release|Any CPU
	EndGlobalSection
	GlobalSection(SolutionProperties) = preSolution
		HideSolutionNode = FALSE
	EndGlobalSection
	GlobalSection(ExtensibilityGlobals) = postSolution
		SolutionGuid = {94807184-569A-439A-B9D4-DFAA8A3229A4}
	EndGlobalSection
EndGlobal
